// !$*UTF8*$!
{
	archiveVersion = 1;
	classes = {
	};
	objectVersion = 46;
	objects = {

/* Begin PBXBuildFile section */
		01CEEDA91C4781520059689C /* KNNavigationDefine.swift in Sources */ = {isa = PBXBuildFile; fileRef = 01CEEDA81C4781520059689C /* KNNavigationDefine.swift */; };
		01CEEDB91C4785730059689C /* KNNavigationItem.swift in Sources */ = {isa = PBXBuildFile; fileRef = 01CEEDB81C4785730059689C /* KNNavigationItem.swift */; };
		01E5C5251C48E72100774A27 /* UIViewControllerKNNavExtensitions.swift in Sources */ = {isa = PBXBuildFile; fileRef = 01E5C5241C48E72100774A27 /* UIViewControllerKNNavExtensitions.swift */; };
		01E5C5371C48EF7300774A27 /* UIViewExtensitions.swift in Sources */ = {isa = PBXBuildFile; fileRef = 01E5C5361C48EF7300774A27 /* UIViewExtensitions.swift */; };
		01E5C53A1C48F85600774A27 /* KNBaseViewController.swift in Sources */ = {isa = PBXBuildFile; fileRef = 01E5C5391C48F85600774A27 /* KNBaseViewController.swift */; };
		01E5C53C1C48F96500774A27 /* KNBViewController.swift in Sources */ = {isa = PBXBuildFile; fileRef = 01E5C53B1C48F96500774A27 /* KNBViewController.swift */; };
		3F0BAFBA20F844058A5855CE /* Pods.framework in Frameworks */ = {isa = PBXBuildFile; fileRef = CF3C63F117C9F7DD1C71976C /* Pods.framework */; };
		AF71DA721C4772A400D42E3A /* KNBaseNavigationController.swift in Sources */ = {isa = PBXBuildFile; fileRef = AF71DA711C4772A400D42E3A /* KNBaseNavigationController.swift */; };
		AF71DA741C4772EB00D42E3A /* KNNavigationBar.swift in Sources */ = {isa = PBXBuildFile; fileRef = AF71DA731C4772EB00D42E3A /* KNNavigationBar.swift */; };
		AFB567B11C4647B800E8C767 /* AppDelegate.swift in Sources */ = {isa = PBXBuildFile; fileRef = AFB567B01C4647B800E8C767 /* AppDelegate.swift */; };
		AFB567B31C4647B800E8C767 /* ViewController.swift in Sources */ = {isa = PBXBuildFile; fileRef = AFB567B21C4647B800E8C767 /* ViewController.swift */; };
		AFB567B61C4647B800E8C767 /* Main.storyboard in Resources */ = {isa = PBXBuildFile; fileRef = AFB567B41C4647B800E8C767 /* Main.storyboard */; };
		AFB567B81C4647B800E8C767 /* Assets.xcassets in Resources */ = {isa = PBXBuildFile; fileRef = AFB567B71C4647B800E8C767 /* Assets.xcassets */; };
		AFB567BB1C4647B800E8C767 /* LaunchScreen.storyboard in Resources */ = {isa = PBXBuildFile; fileRef = AFB567B91C4647B800E8C767 /* LaunchScreen.storyboard */; };
		AFB567C61C4647B800E8C767 /* RACStudyProjectTests.swift in Sources */ = {isa = PBXBuildFile; fileRef = AFB567C51C4647B800E8C767 /* RACStudyProjectTests.swift */; };
		AFB567D11C4647B800E8C767 /* RACStudyProjectUITests.swift in Sources */ = {isa = PBXBuildFile; fileRef = AFB567D01C4647B800E8C767 /* RACStudyProjectUITests.swift */; };
/* End PBXBuildFile section */

/* Begin PBXContainerItemProxy section */
		AF71DA221C47572B00D42E3A /* PBXContainerItemProxy */ = {
			isa = PBXContainerItemProxy;
			containerPortal = AFB56D781C47554800E8C767 /* ReactiveCocoa.xcodeproj */;
			proxyType = 2;
			remoteGlobalIDString = D04725EA19E49ED7006002AA;
			remoteInfo = "ReactiveCocoa-Mac";
		};
		AF71DA241C47572B00D42E3A /* PBXContainerItemProxy */ = {
			isa = PBXContainerItemProxy;
			containerPortal = AFB56D781C47554800E8C767 /* ReactiveCocoa.xcodeproj */;
			proxyType = 2;
			remoteGlobalIDString = D04725F519E49ED7006002AA;
			remoteInfo = "ReactiveCocoa-MacTests";
		};
		AF71DA261C47572B00D42E3A /* PBXContainerItemProxy */ = {
			isa = PBXContainerItemProxy;
			containerPortal = AFB56D781C47554800E8C767 /* ReactiveCocoa.xcodeproj */;
			proxyType = 2;
			remoteGlobalIDString = D047260C19E49F82006002AA;
			remoteInfo = "ReactiveCocoa-iOS";
		};
		AF71DA281C47572B00D42E3A /* PBXContainerItemProxy */ = {
			isa = PBXContainerItemProxy;
			containerPortal = AFB56D781C47554800E8C767 /* ReactiveCocoa.xcodeproj */;
			proxyType = 2;
			remoteGlobalIDString = D047261619E49F82006002AA;
			remoteInfo = "ReactiveCocoa-iOSTests";
		};
		AF71DA2A1C47572B00D42E3A /* PBXContainerItemProxy */ = {
			isa = PBXContainerItemProxy;
			containerPortal = AFB56D781C47554800E8C767 /* ReactiveCocoa.xcodeproj */;
			proxyType = 2;
			remoteGlobalIDString = A9B315541B3940610001CB9C;
			remoteInfo = "ReactiveCocoa-watchOS";
		};
		AF71DA2C1C47572B00D42E3A /* PBXContainerItemProxy */ = {
			isa = PBXContainerItemProxy;
			containerPortal = AFB56D781C47554800E8C767 /* ReactiveCocoa.xcodeproj */;
			proxyType = 2;
			remoteGlobalIDString = 57A4D2411BA13D7A00F7D4B1;
			remoteInfo = "ReactiveCocoa-tvOS";
		};
		AF71DA3F1C47716600D42E3A /* PBXContainerItemProxy */ = {
			isa = PBXContainerItemProxy;
			containerPortal = AF71D9D91C4755BC00D42E3A /* Result.xcodeproj */;
			proxyType = 2;
			remoteGlobalIDString = D45480571A9572F5009D7229;
			remoteInfo = "Result-Mac";
		};
		AF71DA411C47716600D42E3A /* PBXContainerItemProxy */ = {
			isa = PBXContainerItemProxy;
			containerPortal = AF71D9D91C4755BC00D42E3A /* Result.xcodeproj */;
			proxyType = 2;
			remoteGlobalIDString = D45480671A9572F5009D7229;
			remoteInfo = "Result-MacTests";
		};
		AF71DA431C47716600D42E3A /* PBXContainerItemProxy */ = {
			isa = PBXContainerItemProxy;
			containerPortal = AF71D9D91C4755BC00D42E3A /* Result.xcodeproj */;
			proxyType = 2;
			remoteGlobalIDString = D454807D1A957361009D7229;
			remoteInfo = "Result-iOS";
		};
		AF71DA451C47716600D42E3A /* PBXContainerItemProxy */ = {
			isa = PBXContainerItemProxy;
			containerPortal = AF71D9D91C4755BC00D42E3A /* Result.xcodeproj */;
			proxyType = 2;
			remoteGlobalIDString = D45480871A957362009D7229;
			remoteInfo = "Result-iOSTests";
		};
		AF71DA471C47716600D42E3A /* PBXContainerItemProxy */ = {
			isa = PBXContainerItemProxy;
			containerPortal = AF71D9D91C4755BC00D42E3A /* Result.xcodeproj */;
			proxyType = 2;
			remoteGlobalIDString = 57FCDE471BA280DC00130C48;
			remoteInfo = "Result-tvOS";
		};
		AF71DA491C47716600D42E3A /* PBXContainerItemProxy */ = {
			isa = PBXContainerItemProxy;
			containerPortal = AF71D9D91C4755BC00D42E3A /* Result.xcodeproj */;
			proxyType = 2;
			remoteGlobalIDString = 57FCDE541BA280E000130C48;
			remoteInfo = "Result-tvOSTests";
		};
		AF71DA4B1C47716600D42E3A /* PBXContainerItemProxy */ = {
			isa = PBXContainerItemProxy;
			containerPortal = AF71D9D91C4755BC00D42E3A /* Result.xcodeproj */;
			proxyType = 2;
			remoteGlobalIDString = D03579A31B2B788F005D26AE;
			remoteInfo = "Result-watchOS";
		};
		AF71DA4D1C47716600D42E3A /* PBXContainerItemProxy */ = {
			isa = PBXContainerItemProxy;
			containerPortal = AF71D9D91C4755BC00D42E3A /* Result.xcodeproj */;
			proxyType = 2;
			remoteGlobalIDString = D03579B01B2B78A1005D26AE;
			remoteInfo = "Result-watchOSTests";
		};
		AFB567C21C4647B800E8C767 /* PBXContainerItemProxy */ = {
			isa = PBXContainerItemProxy;
			containerPortal = AFB567A51C4647B800E8C767 /* Project object */;
			proxyType = 1;
			remoteGlobalIDString = AFB567AC1C4647B800E8C767;
			remoteInfo = RACStudyProject;
		};
		AFB567CD1C4647B800E8C767 /* PBXContainerItemProxy */ = {
			isa = PBXContainerItemProxy;
			containerPortal = AFB567A51C4647B800E8C767 /* Project object */;
			proxyType = 1;
			remoteGlobalIDString = AFB567AC1C4647B800E8C767;
			remoteInfo = RACStudyProject;
		};
/* End PBXContainerItemProxy section */

/* Begin PBXFileReference section */
		01CEEDA81C4781520059689C /* KNNavigationDefine.swift */ = {isa = PBXFileReference; fileEncoding = 4; lastKnownFileType = sourcecode.swift; path = KNNavigationDefine.swift; sourceTree = "<group>"; };
		01CEEDB81C4785730059689C /* KNNavigationItem.swift */ = {isa = PBXFileReference; fileEncoding = 4; lastKnownFileType = sourcecode.swift; path = KNNavigationItem.swift; sourceTree = "<group>"; };
		01E5C5241C48E72100774A27 /* UIViewControllerKNNavExtensitions.swift */ = {isa = PBXFileReference; fileEncoding = 4; lastKnownFileType = sourcecode.swift; path = UIViewControllerKNNavExtensitions.swift; sourceTree = "<group>"; };
		01E5C5361C48EF7300774A27 /* UIViewExtensitions.swift */ = {isa = PBXFileReference; fileEncoding = 4; lastKnownFileType = sourcecode.swift; path = UIViewExtensitions.swift; sourceTree = "<group>"; };
		01E5C5391C48F85600774A27 /* KNBaseViewController.swift */ = {isa = PBXFileReference; fileEncoding = 4; lastKnownFileType = sourcecode.swift; path = KNBaseViewController.swift; sourceTree = "<group>"; };
		01E5C53B1C48F96500774A27 /* KNBViewController.swift */ = {isa = PBXFileReference; fileEncoding = 4; lastKnownFileType = sourcecode.swift; path = KNBViewController.swift; sourceTree = "<group>"; };
		4CDC6F036696FC4BC5873B25 /* Pods.debug.xcconfig */ = {isa = PBXFileReference; includeInIndex = 1; lastKnownFileType = text.xcconfig; name = Pods.debug.xcconfig; path = "Pods/Target Support Files/Pods/Pods.debug.xcconfig"; sourceTree = "<group>"; };
		AF71D9D91C4755BC00D42E3A /* Result.xcodeproj */ = {isa = PBXFileReference; lastKnownFileType = "wrapper.pb-project"; name = Result.xcodeproj; path = ReactiveCocoa/Carthage/Checkouts/Result/Result.xcodeproj; sourceTree = "<group>"; };
		AF71DA711C4772A400D42E3A /* KNBaseNavigationController.swift */ = {isa = PBXFileReference; fileEncoding = 4; lastKnownFileType = sourcecode.swift; path = KNBaseNavigationController.swift; sourceTree = "<group>"; };
		AF71DA731C4772EB00D42E3A /* KNNavigationBar.swift */ = {isa = PBXFileReference; fileEncoding = 4; lastKnownFileType = sourcecode.swift; path = KNNavigationBar.swift; sourceTree = "<group>"; };
		AFB567AD1C4647B800E8C767 /* RACStudyProject.app */ = {isa = PBXFileReference; explicitFileType = wrapper.application; includeInIndex = 0; path = RACStudyProject.app; sourceTree = BUILT_PRODUCTS_DIR; };
		AFB567B01C4647B800E8C767 /* AppDelegate.swift */ = {isa = PBXFileReference; lastKnownFileType = sourcecode.swift; path = AppDelegate.swift; sourceTree = "<group>"; };
		AFB567B21C4647B800E8C767 /* ViewController.swift */ = {isa = PBXFileReference; lastKnownFileType = sourcecode.swift; path = ViewController.swift; sourceTree = "<group>"; };
		AFB567B51C4647B800E8C767 /* Base */ = {isa = PBXFileReference; lastKnownFileType = file.storyboard; name = Base; path = Base.lproj/Main.storyboard; sourceTree = "<group>"; };
		AFB567B71C4647B800E8C767 /* Assets.xcassets */ = {isa = PBXFileReference; lastKnownFileType = folder.assetcatalog; path = Assets.xcassets; sourceTree = "<group>"; };
		AFB567BA1C4647B800E8C767 /* Base */ = {isa = PBXFileReference; lastKnownFileType = file.storyboard; name = Base; path = Base.lproj/LaunchScreen.storyboard; sourceTree = "<group>"; };
		AFB567BC1C4647B800E8C767 /* Info.plist */ = {isa = PBXFileReference; lastKnownFileType = text.plist.xml; path = Info.plist; sourceTree = "<group>"; };
		AFB567C11C4647B800E8C767 /* RACStudyProjectTests.xctest */ = {isa = PBXFileReference; explicitFileType = wrapper.cfbundle; includeInIndex = 0; path = RACStudyProjectTests.xctest; sourceTree = BUILT_PRODUCTS_DIR; };
		AFB567C51C4647B800E8C767 /* RACStudyProjectTests.swift */ = {isa = PBXFileReference; lastKnownFileType = sourcecode.swift; path = RACStudyProjectTests.swift; sourceTree = "<group>"; };
		AFB567C71C4647B800E8C767 /* Info.plist */ = {isa = PBXFileReference; lastKnownFileType = text.plist.xml; path = Info.plist; sourceTree = "<group>"; };
		AFB567CC1C4647B800E8C767 /* RACStudyProjectUITests.xctest */ = {isa = PBXFileReference; explicitFileType = wrapper.cfbundle; includeInIndex = 0; path = RACStudyProjectUITests.xctest; sourceTree = BUILT_PRODUCTS_DIR; };
		AFB567D01C4647B800E8C767 /* RACStudyProjectUITests.swift */ = {isa = PBXFileReference; lastKnownFileType = sourcecode.swift; path = RACStudyProjectUITests.swift; sourceTree = "<group>"; };
		AFB567D21C4647B800E8C767 /* Info.plist */ = {isa = PBXFileReference; lastKnownFileType = text.plist.xml; path = Info.plist; sourceTree = "<group>"; };
		AFB56D781C47554800E8C767 /* ReactiveCocoa.xcodeproj */ = {isa = PBXFileReference; lastKnownFileType = "wrapper.pb-project"; name = ReactiveCocoa.xcodeproj; path = ReactiveCocoa/ReactiveCocoa.xcodeproj; sourceTree = "<group>"; };
		CF3C63F117C9F7DD1C71976C /* Pods.framework */ = {isa = PBXFileReference; explicitFileType = wrapper.framework; includeInIndex = 0; path = Pods.framework; sourceTree = BUILT_PRODUCTS_DIR; };
		E037401FE89C35DAFB272074 /* Pods.release.xcconfig */ = {isa = PBXFileReference; includeInIndex = 1; lastKnownFileType = text.xcconfig; name = Pods.release.xcconfig; path = "Pods/Target Support Files/Pods/Pods.release.xcconfig"; sourceTree = "<group>"; };
/* End PBXFileReference section */

/* Begin PBXFrameworksBuildPhase section */
		AFB567AA1C4647B800E8C767 /* Frameworks */ = {
			isa = PBXFrameworksBuildPhase;
			buildActionMask = 2147483647;
			files = (
				3F0BAFBA20F844058A5855CE /* Pods.framework in Frameworks */,
			);
			runOnlyForDeploymentPostprocessing = 0;
		};
		AFB567BE1C4647B800E8C767 /* Frameworks */ = {
			isa = PBXFrameworksBuildPhase;
			buildActionMask = 2147483647;
			files = (
			);
			runOnlyForDeploymentPostprocessing = 0;
		};
		AFB567C91C4647B800E8C767 /* Frameworks */ = {
			isa = PBXFrameworksBuildPhase;
			buildActionMask = 2147483647;
			files = (
			);
			runOnlyForDeploymentPostprocessing = 0;
		};
/* End PBXFrameworksBuildPhase section */

/* Begin PBXGroup section */
		01E5C5341C48EF4000774A27 /* Extensitions */ = {
			isa = PBXGroup;
			children = (
				01E5C5351C48EF5C00774A27 /* Frame */,
			);
			name = Extensitions;
			path = RACStudyProject/Extensitions;
			sourceTree = "<group>";
		};
		01E5C5351C48EF5C00774A27 /* Frame */ = {
			isa = PBXGroup;
			children = (
				01E5C5361C48EF7300774A27 /* UIViewExtensitions.swift */,
			);
			path = Frame;
			sourceTree = "<group>";
		};
		01E5C5381C48F84000774A27 /* Base */ = {
			isa = PBXGroup;
			children = (
				01E5C5391C48F85600774A27 /* KNBaseViewController.swift */,
			);
			name = Base;
			path = RACStudyProject/Base;
			sourceTree = "<group>";
		};
		7FC0A05C97DDA4FBF9DFF35D /* Pods */ = {
			isa = PBXGroup;
			children = (
				4CDC6F036696FC4BC5873B25 /* Pods.debug.xcconfig */,
				E037401FE89C35DAFB272074 /* Pods.release.xcconfig */,
			);
			name = Pods;
			sourceTree = "<group>";
		};
		AF71DA051C47571300D42E3A /* Common */ = {
			isa = PBXGroup;
			children = (
				01E5C5381C48F84000774A27 /* Base */,
				01E5C5341C48EF4000774A27 /* Extensitions */,
				AF71DA701C47728300D42E3A /* KNBaseNavigationController */,
				AF71DA511C47723F00D42E3A /* Submodles */,
			);
			name = Common;
			path = ..;
			sourceTree = "<group>";
		};
		AF71DA1A1C47572B00D42E3A /* Products */ = {
			isa = PBXGroup;
			children = (
				AF71DA231C47572B00D42E3A /* ReactiveCocoa.framework */,
				AF71DA251C47572B00D42E3A /* ReactiveCocoaTests.xctest */,
				AF71DA271C47572B00D42E3A /* ReactiveCocoa.framework */,
				AF71DA291C47572B00D42E3A /* ReactiveCocoaTests.xctest */,
				AF71DA2B1C47572B00D42E3A /* ReactiveCocoa.framework */,
				AF71DA2D1C47572B00D42E3A /* ReactiveCocoa.framework */,
			);
			name = Products;
			sourceTree = "<group>";
		};
		AF71DA2F1C47716600D42E3A /* Products */ = {
			isa = PBXGroup;
			children = (
				AF71DA401C47716600D42E3A /* Result.framework */,
				AF71DA421C47716600D42E3A /* Result-MacTests.xctest */,
				AF71DA441C47716600D42E3A /* Result.framework */,
				AF71DA461C47716600D42E3A /* Result-iOSTests.xctest */,
				AF71DA481C47716600D42E3A /* Result.framework */,
				AF71DA4A1C47716600D42E3A /* Result-tvOSTests.xctest */,
				AF71DA4C1C47716600D42E3A /* Result.framework */,
				AF71DA4E1C47716600D42E3A /* Result-watchOSTests.xctest */,
			);
			name = Products;
			sourceTree = "<group>";
		};
		AF71DA511C47723F00D42E3A /* Submodles */ = {
			isa = PBXGroup;
			children = (
				AF71D9D91C4755BC00D42E3A /* Result.xcodeproj */,
				AFB56D781C47554800E8C767 /* ReactiveCocoa.xcodeproj */,
			);
			name = Submodles;
			sourceTree = "<group>";
		};
		AF71DA701C47728300D42E3A /* KNBaseNavigationController */ = {
			isa = PBXGroup;
			children = (
				AF71DA711C4772A400D42E3A /* KNBaseNavigationController.swift */,
				AF71DA731C4772EB00D42E3A /* KNNavigationBar.swift */,
				01CEEDB81C4785730059689C /* KNNavigationItem.swift */,
				01CEEDA81C4781520059689C /* KNNavigationDefine.swift */,
				01E5C5241C48E72100774A27 /* UIViewControllerKNNavExtensitions.swift */,
			);
			name = KNBaseNavigationController;
			path = RACStudyProject/KNBaseNavigationController;
			sourceTree = "<group>";
		};
		AFB567A41C4647B800E8C767 = {
			isa = PBXGroup;
			children = (
				AFB567AF1C4647B800E8C767 /* RACStudyProject */,
				AFB567C41C4647B800E8C767 /* RACStudyProjectTests */,
				AFB567CF1C4647B800E8C767 /* RACStudyProjectUITests */,
				AFB567AE1C4647B800E8C767 /* Products */,
				7FC0A05C97DDA4FBF9DFF35D /* Pods */,
				D67F5987408CC6CDBDBF141F /* Frameworks */,
			);
			sourceTree = "<group>";
		};
		AFB567AE1C4647B800E8C767 /* Products */ = {
			isa = PBXGroup;
			children = (
				AFB567AD1C4647B800E8C767 /* RACStudyProject.app */,
				AFB567C11C4647B800E8C767 /* RACStudyProjectTests.xctest */,
				AFB567CC1C4647B800E8C767 /* RACStudyProjectUITests.xctest */,
			);
			name = Products;
			sourceTree = "<group>";
		};
		AFB567AF1C4647B800E8C767 /* RACStudyProject */ = {
			isa = PBXGroup;
			children = (
				AF71DA051C47571300D42E3A /* Common */,
				AFB567B01C4647B800E8C767 /* AppDelegate.swift */,
				AFB567B21C4647B800E8C767 /* ViewController.swift */,
				01E5C53B1C48F96500774A27 /* KNBViewController.swift */,
				AFB567B41C4647B800E8C767 /* Main.storyboard */,
				AFB567B71C4647B800E8C767 /* Assets.xcassets */,
				AFB567B91C4647B800E8C767 /* LaunchScreen.storyboard */,
				AFB567BC1C4647B800E8C767 /* Info.plist */,
			);
			path = RACStudyProject;
			sourceTree = "<group>";
		};
		AFB567C41C4647B800E8C767 /* RACStudyProjectTests */ = {
			isa = PBXGroup;
			children = (
				AFB567C51C4647B800E8C767 /* RACStudyProjectTests.swift */,
				AFB567C71C4647B800E8C767 /* Info.plist */,
			);
			path = RACStudyProjectTests;
			sourceTree = "<group>";
		};
		AFB567CF1C4647B800E8C767 /* RACStudyProjectUITests */ = {
			isa = PBXGroup;
			children = (
				AFB567D01C4647B800E8C767 /* RACStudyProjectUITests.swift */,
				AFB567D21C4647B800E8C767 /* Info.plist */,
			);
			path = RACStudyProjectUITests;
			sourceTree = "<group>";
		};
		D67F5987408CC6CDBDBF141F /* Frameworks */ = {
			isa = PBXGroup;
			children = (
				CF3C63F117C9F7DD1C71976C /* Pods.framework */,
			);
			name = Frameworks;
			sourceTree = "<group>";
		};
/* End PBXGroup section */

/* Begin PBXNativeTarget section */
		AFB567AC1C4647B800E8C767 /* RACStudyProject */ = {
			isa = PBXNativeTarget;
			buildConfigurationList = AFB567D51C4647B800E8C767 /* Build configuration list for PBXNativeTarget "RACStudyProject" */;
			buildPhases = (
				5A0AA9426ABF2482DB20B693 /* Check Pods Manifest.lock */,
				AFB567A91C4647B800E8C767 /* Sources */,
				AFB567AA1C4647B800E8C767 /* Frameworks */,
				AFB567AB1C4647B800E8C767 /* Resources */,
				412F18FB0E66913EB3303972 /* Embed Pods Frameworks */,
				2415D3C902A12F3B0B785FC7 /* Copy Pods Resources */,
			);
			buildRules = (
			);
			dependencies = (
			);
			name = RACStudyProject;
			productName = RACStudyProject;
			productReference = AFB567AD1C4647B800E8C767 /* RACStudyProject.app */;
			productType = "com.apple.product-type.application";
		};
		AFB567C01C4647B800E8C767 /* RACStudyProjectTests */ = {
			isa = PBXNativeTarget;
			buildConfigurationList = AFB567D81C4647B800E8C767 /* Build configuration list for PBXNativeTarget "RACStudyProjectTests" */;
			buildPhases = (
				AFB567BD1C4647B800E8C767 /* Sources */,
				AFB567BE1C4647B800E8C767 /* Frameworks */,
				AFB567BF1C4647B800E8C767 /* Resources */,
			);
			buildRules = (
			);
			dependencies = (
				AFB567C31C4647B800E8C767 /* PBXTargetDependency */,
			);
			name = RACStudyProjectTests;
			productName = RACStudyProjectTests;
			productReference = AFB567C11C4647B800E8C767 /* RACStudyProjectTests.xctest */;
			productType = "com.apple.product-type.bundle.unit-test";
		};
		AFB567CB1C4647B800E8C767 /* RACStudyProjectUITests */ = {
			isa = PBXNativeTarget;
			buildConfigurationList = AFB567DB1C4647B800E8C767 /* Build configuration list for PBXNativeTarget "RACStudyProjectUITests" */;
			buildPhases = (
				AFB567C81C4647B800E8C767 /* Sources */,
				AFB567C91C4647B800E8C767 /* Frameworks */,
				AFB567CA1C4647B800E8C767 /* Resources */,
			);
			buildRules = (
			);
			dependencies = (
				AFB567CE1C4647B800E8C767 /* PBXTargetDependency */,
			);
			name = RACStudyProjectUITests;
			productName = RACStudyProjectUITests;
			productReference = AFB567CC1C4647B800E8C767 /* RACStudyProjectUITests.xctest */;
			productType = "com.apple.product-type.bundle.ui-testing";
		};
/* End PBXNativeTarget section */

/* Begin PBXProject section */
		AFB567A51C4647B800E8C767 /* Project object */ = {
			isa = PBXProject;
			attributes = {
				LastSwiftUpdateCheck = 0720;
				LastUpgradeCheck = 0720;
				ORGANIZATIONNAME = hzdlapple2;
				TargetAttributes = {
					AFB567AC1C4647B800E8C767 = {
						CreatedOnToolsVersion = 7.2;
					};
					AFB567C01C4647B800E8C767 = {
						CreatedOnToolsVersion = 7.2;
						TestTargetID = AFB567AC1C4647B800E8C767;
					};
					AFB567CB1C4647B800E8C767 = {
						CreatedOnToolsVersion = 7.2;
						TestTargetID = AFB567AC1C4647B800E8C767;
					};
				};
			};
			buildConfigurationList = AFB567A81C4647B800E8C767 /* Build configuration list for PBXProject "RACStudyProject" */;
			compatibilityVersion = "Xcode 3.2";
			developmentRegion = English;
			hasScannedForEncodings = 0;
			knownRegions = (
				en,
				Base,
			);
			mainGroup = AFB567A41C4647B800E8C767;
			productRefGroup = AFB567AE1C4647B800E8C767 /* Products */;
			projectDirPath = "";
			projectReferences = (
				{
					ProductGroup = AF71DA1A1C47572B00D42E3A /* Products */;
					ProjectRef = AFB56D781C47554800E8C767 /* ReactiveCocoa.xcodeproj */;
				},
				{
					ProductGroup = AF71DA2F1C47716600D42E3A /* Products */;
					ProjectRef = AF71D9D91C4755BC00D42E3A /* Result.xcodeproj */;
				},
			);
			projectRoot = "";
			targets = (
				AFB567AC1C4647B800E8C767 /* RACStudyProject */,
				AFB567C01C4647B800E8C767 /* RACStudyProjectTests */,
				AFB567CB1C4647B800E8C767 /* RACStudyProjectUITests */,
			);
		};
/* End PBXProject section */

/* Begin PBXReferenceProxy section */
		AF71DA231C47572B00D42E3A /* ReactiveCocoa.framework */ = {
			isa = PBXReferenceProxy;
			fileType = wrapper.framework;
			path = ReactiveCocoa.framework;
			remoteRef = AF71DA221C47572B00D42E3A /* PBXContainerItemProxy */;
			sourceTree = BUILT_PRODUCTS_DIR;
		};
		AF71DA251C47572B00D42E3A /* ReactiveCocoaTests.xctest */ = {
			isa = PBXReferenceProxy;
			fileType = wrapper.cfbundle;
			path = ReactiveCocoaTests.xctest;
			remoteRef = AF71DA241C47572B00D42E3A /* PBXContainerItemProxy */;
			sourceTree = BUILT_PRODUCTS_DIR;
		};
		AF71DA271C47572B00D42E3A /* ReactiveCocoa.framework */ = {
			isa = PBXReferenceProxy;
			fileType = wrapper.framework;
			path = ReactiveCocoa.framework;
			remoteRef = AF71DA261C47572B00D42E3A /* PBXContainerItemProxy */;
			sourceTree = BUILT_PRODUCTS_DIR;
		};
		AF71DA291C47572B00D42E3A /* ReactiveCocoaTests.xctest */ = {
			isa = PBXReferenceProxy;
			fileType = wrapper.cfbundle;
			path = ReactiveCocoaTests.xctest;
			remoteRef = AF71DA281C47572B00D42E3A /* PBXContainerItemProxy */;
			sourceTree = BUILT_PRODUCTS_DIR;
		};
		AF71DA2B1C47572B00D42E3A /* ReactiveCocoa.framework */ = {
			isa = PBXReferenceProxy;
			fileType = wrapper.framework;
			path = ReactiveCocoa.framework;
			remoteRef = AF71DA2A1C47572B00D42E3A /* PBXContainerItemProxy */;
			sourceTree = BUILT_PRODUCTS_DIR;
		};
		AF71DA2D1C47572B00D42E3A /* ReactiveCocoa.framework */ = {
			isa = PBXReferenceProxy;
			fileType = wrapper.framework;
			path = ReactiveCocoa.framework;
			remoteRef = AF71DA2C1C47572B00D42E3A /* PBXContainerItemProxy */;
			sourceTree = BUILT_PRODUCTS_DIR;
		};
		AF71DA401C47716600D42E3A /* Result.framework */ = {
			isa = PBXReferenceProxy;
			fileType = wrapper.framework;
			path = Result.framework;
			remoteRef = AF71DA3F1C47716600D42E3A /* PBXContainerItemProxy */;
			sourceTree = BUILT_PRODUCTS_DIR;
		};
		AF71DA421C47716600D42E3A /* Result-MacTests.xctest */ = {
			isa = PBXReferenceProxy;
			fileType = wrapper.cfbundle;
			path = "Result-MacTests.xctest";
			remoteRef = AF71DA411C47716600D42E3A /* PBXContainerItemProxy */;
			sourceTree = BUILT_PRODUCTS_DIR;
		};
		AF71DA441C47716600D42E3A /* Result.framework */ = {
			isa = PBXReferenceProxy;
			fileType = wrapper.framework;
			path = Result.framework;
			remoteRef = AF71DA431C47716600D42E3A /* PBXContainerItemProxy */;
			sourceTree = BUILT_PRODUCTS_DIR;
		};
		AF71DA461C47716600D42E3A /* Result-iOSTests.xctest */ = {
			isa = PBXReferenceProxy;
			fileType = wrapper.cfbundle;
			path = "Result-iOSTests.xctest";
			remoteRef = AF71DA451C47716600D42E3A /* PBXContainerItemProxy */;
			sourceTree = BUILT_PRODUCTS_DIR;
		};
		AF71DA481C47716600D42E3A /* Result.framework */ = {
			isa = PBXReferenceProxy;
			fileType = wrapper.framework;
			path = Result.framework;
			remoteRef = AF71DA471C47716600D42E3A /* PBXContainerItemProxy */;
			sourceTree = BUILT_PRODUCTS_DIR;
		};
		AF71DA4A1C47716600D42E3A /* Result-tvOSTests.xctest */ = {
			isa = PBXReferenceProxy;
			fileType = wrapper.cfbundle;
			path = "Result-tvOSTests.xctest";
			remoteRef = AF71DA491C47716600D42E3A /* PBXContainerItemProxy */;
			sourceTree = BUILT_PRODUCTS_DIR;
		};
		AF71DA4C1C47716600D42E3A /* Result.framework */ = {
			isa = PBXReferenceProxy;
			fileType = wrapper.framework;
			path = Result.framework;
			remoteRef = AF71DA4B1C47716600D42E3A /* PBXContainerItemProxy */;
			sourceTree = BUILT_PRODUCTS_DIR;
		};
		AF71DA4E1C47716600D42E3A /* Result-watchOSTests.xctest */ = {
			isa = PBXReferenceProxy;
			fileType = wrapper.cfbundle;
			path = "Result-watchOSTests.xctest";
			remoteRef = AF71DA4D1C47716600D42E3A /* PBXContainerItemProxy */;
			sourceTree = BUILT_PRODUCTS_DIR;
		};
/* End PBXReferenceProxy section */

/* Begin PBXResourcesBuildPhase section */
		AFB567AB1C4647B800E8C767 /* Resources */ = {
			isa = PBXResourcesBuildPhase;
			buildActionMask = 2147483647;
			files = (
				AFB567BB1C4647B800E8C767 /* LaunchScreen.storyboard in Resources */,
				AFB567B81C4647B800E8C767 /* Assets.xcassets in Resources */,
				AFB567B61C4647B800E8C767 /* Main.storyboard in Resources */,
			);
			runOnlyForDeploymentPostprocessing = 0;
		};
		AFB567BF1C4647B800E8C767 /* Resources */ = {
			isa = PBXResourcesBuildPhase;
			buildActionMask = 2147483647;
			files = (
			);
			runOnlyForDeploymentPostprocessing = 0;
		};
		AFB567CA1C4647B800E8C767 /* Resources */ = {
			isa = PBXResourcesBuildPhase;
			buildActionMask = 2147483647;
			files = (
			);
			runOnlyForDeploymentPostprocessing = 0;
		};
/* End PBXResourcesBuildPhase section */

/* Begin PBXShellScriptBuildPhase section */
		2415D3C902A12F3B0B785FC7 /* Copy Pods Resources */ = {
			isa = PBXShellScriptBuildPhase;
			buildActionMask = 2147483647;
			files = (
			);
			inputPaths = (
			);
			name = "Copy Pods Resources";
			outputPaths = (
			);
			runOnlyForDeploymentPostprocessing = 0;
			shellPath = /bin/sh;
			shellScript = "\"${SRCROOT}/Pods/Target Support Files/Pods/Pods-resources.sh\"\n";
			showEnvVarsInLog = 0;
		};
		412F18FB0E66913EB3303972 /* Embed Pods Frameworks */ = {
			isa = PBXShellScriptBuildPhase;
			buildActionMask = 2147483647;
			files = (
			);
			inputPaths = (
			);
			name = "Embed Pods Frameworks";
			outputPaths = (
			);
			runOnlyForDeploymentPostprocessing = 0;
			shellPath = /bin/sh;
			shellScript = "\"${SRCROOT}/Pods/Target Support Files/Pods/Pods-frameworks.sh\"\n";
			showEnvVarsInLog = 0;
		};
		5A0AA9426ABF2482DB20B693 /* Check Pods Manifest.lock */ = {
			isa = PBXShellScriptBuildPhase;
			buildActionMask = 2147483647;
			files = (
			);
			inputPaths = (
			);
			name = "Check Pods Manifest.lock";
			outputPaths = (
			);
			runOnlyForDeploymentPostprocessing = 0;
			shellPath = /bin/sh;
			shellScript = "diff \"${PODS_ROOT}/../Podfile.lock\" \"${PODS_ROOT}/Manifest.lock\" > /dev/null\nif [[ $? != 0 ]] ; then\n    cat << EOM\nerror: The sandbox is not in sync with the Podfile.lock. Run 'pod install' or update your CocoaPods installation.\nEOM\n    exit 1\nfi\n";
			showEnvVarsInLog = 0;
		};
/* End PBXShellScriptBuildPhase section */

/* Begin PBXSourcesBuildPhase section */
		AFB567A91C4647B800E8C767 /* Sources */ = {
			isa = PBXSourcesBuildPhase;
			buildActionMask = 2147483647;
			files = (
				01E5C5251C48E72100774A27 /* UIViewControllerKNNavExtensitions.swift in Sources */,
				AFB567B31C4647B800E8C767 /* ViewController.swift in Sources */,
				01E5C53A1C48F85600774A27 /* KNBaseViewController.swift in Sources */,
				01E5C5371C48EF7300774A27 /* UIViewExtensitions.swift in Sources */,
				01CEEDB91C4785730059689C /* KNNavigationItem.swift in Sources */,
				AFB567B11C4647B800E8C767 /* AppDelegate.swift in Sources */,
				01CEEDA91C4781520059689C /* KNNavigationDefine.swift in Sources */,
				AF71DA741C4772EB00D42E3A /* KNNavigationBar.swift in Sources */,
				01E5C53C1C48F96500774A27 /* KNBViewController.swift in Sources */,
				AF71DA721C4772A400D42E3A /* KNBaseNavigationController.swift in Sources */,
			);
			runOnlyForDeploymentPostprocessing = 0;
		};
		AFB567BD1C4647B800E8C767 /* Sources */ = {
			isa = PBXSourcesBuildPhase;
			buildActionMask = 2147483647;
			files = (
				AFB567C61C4647B800E8C767 /* RACStudyProjectTests.swift in Sources */,
			);
			runOnlyForDeploymentPostprocessing = 0;
		};
		AFB567C81C4647B800E8C767 /* Sources */ = {
			isa = PBXSourcesBuildPhase;
			buildActionMask = 2147483647;
			files = (
				AFB567D11C4647B800E8C767 /* RACStudyProjectUITests.swift in Sources */,
			);
			runOnlyForDeploymentPostprocessing = 0;
		};
/* End PBXSourcesBuildPhase section */

/* Begin PBXTargetDependency section */
		AFB567C31C4647B800E8C767 /* PBXTargetDependency */ = {
			isa = PBXTargetDependency;
			target = AFB567AC1C4647B800E8C767 /* RACStudyProject */;
			targetProxy = AFB567C21C4647B800E8C767 /* PBXContainerItemProxy */;
		};
		AFB567CE1C4647B800E8C767 /* PBXTargetDependency */ = {
			isa = PBXTargetDependency;
			target = AFB567AC1C4647B800E8C767 /* RACStudyProject */;
			targetProxy = AFB567CD1C4647B800E8C767 /* PBXContainerItemProxy */;
		};
/* End PBXTargetDependency section */

/* Begin PBXVariantGroup section */
		AFB567B41C4647B800E8C767 /* Main.storyboard */ = {
			isa = PBXVariantGroup;
			children = (
				AFB567B51C4647B800E8C767 /* Base */,
			);
			name = Main.storyboard;
			sourceTree = "<group>";
		};
		AFB567B91C4647B800E8C767 /* LaunchScreen.storyboard */ = {
			isa = PBXVariantGroup;
			children = (
				AFB567BA1C4647B800E8C767 /* Base */,
			);
			name = LaunchScreen.storyboard;
			sourceTree = "<group>";
		};
/* End PBXVariantGroup section */

/* Begin XCBuildConfiguration section */
		AFB567D31C4647B800E8C767 /* Debug */ = {
			isa = XCBuildConfiguration;
			buildSettings = {
				ALWAYS_SEARCH_USER_PATHS = NO;
				CLANG_CXX_LANGUAGE_STANDARD = "gnu++0x";
				CLANG_CXX_LIBRARY = "libc++";
				CLANG_ENABLE_MODULES = YES;
				CLANG_ENABLE_OBJC_ARC = YES;
				CLANG_WARN_BOOL_CONVERSION = YES;
				CLANG_WARN_CONSTANT_CONVERSION = YES;
				CLANG_WARN_DIRECT_OBJC_ISA_USAGE = YES_ERROR;
				CLANG_WARN_EMPTY_BODY = YES;
				CLANG_WARN_ENUM_CONVERSION = YES;
				CLANG_WARN_INT_CONVERSION = YES;
				CLANG_WARN_OBJC_ROOT_CLASS = YES_ERROR;
				CLANG_WARN_UNREACHABLE_CODE = YES;
				CLANG_WARN__DUPLICATE_METHOD_MATCH = YES;
				"CODE_SIGN_IDENTITY[sdk=iphoneos*]" = "iPhone Developer";
				COPY_PHASE_STRIP = NO;
				DEBUG_INFORMATION_FORMAT = dwarf;
				ENABLE_STRICT_OBJC_MSGSEND = YES;
				ENABLE_TESTABILITY = YES;
				GCC_C_LANGUAGE_STANDARD = gnu99;
				GCC_DYNAMIC_NO_PIC = NO;
				GCC_NO_COMMON_BLOCKS = YES;
				GCC_OPTIMIZATION_LEVEL = 0;
				GCC_PREPROCESSOR_DEFINITIONS = (
					"DEBUG=1",
					"$(inherited)",
				);
				GCC_WARN_64_TO_32_BIT_CONVERSION = YES;
				GCC_WARN_ABOUT_RETURN_TYPE = YES_ERROR;
				GCC_WARN_UNDECLARED_SELECTOR = YES;
				GCC_WARN_UNINITIALIZED_AUTOS = YES_AGGRESSIVE;
				GCC_WARN_UNUSED_FUNCTION = YES;
				GCC_WARN_UNUSED_VARIABLE = YES;
				IPHONEOS_DEPLOYMENT_TARGET = 9.2;
				MTL_ENABLE_DEBUG_INFO = YES;
				ONLY_ACTIVE_ARCH = YES;
				SDKROOT = iphoneos;
				SWIFT_OPTIMIZATION_LEVEL = "-Onone";
				TARGETED_DEVICE_FAMILY = "1,2";
			};
			name = Debug;
		};
		AFB567D41C4647B800E8C767 /* Release */ = {
			isa = XCBuildConfiguration;
			buildSettings = {
				ALWAYS_SEARCH_USER_PATHS = NO;
				CLANG_CXX_LANGUAGE_STANDARD = "gnu++0x";
				CLANG_CXX_LIBRARY = "libc++";
				CLANG_ENABLE_MODULES = YES;
				CLANG_ENABLE_OBJC_ARC = YES;
				CLANG_WARN_BOOL_CONVERSION = YES;
				CLANG_WARN_CONSTANT_CONVERSION = YES;
				CLANG_WARN_DIRECT_OBJC_ISA_USAGE = YES_ERROR;
				CLANG_WARN_EMPTY_BODY = YES;
				CLANG_WARN_ENUM_CONVERSION = YES;
				CLANG_WARN_INT_CONVERSION = YES;
				CLANG_WARN_OBJC_ROOT_CLASS = YES_ERROR;
				CLANG_WARN_UNREACHABLE_CODE = YES;
				CLANG_WARN__DUPLICATE_METHOD_MATCH = YES;
				"CODE_SIGN_IDENTITY[sdk=iphoneos*]" = "iPhone Developer";
				COPY_PHASE_STRIP = NO;
				DEBUG_INFORMATION_FORMAT = "dwarf-with-dsym";
				ENABLE_NS_ASSERTIONS = NO;
				ENABLE_STRICT_OBJC_MSGSEND = YES;
				GCC_C_LANGUAGE_STANDARD = gnu99;
				GCC_NO_COMMON_BLOCKS = YES;
				GCC_WARN_64_TO_32_BIT_CONVERSION = YES;
				GCC_WARN_ABOUT_RETURN_TYPE = YES_ERROR;
				GCC_WARN_UNDECLARED_SELECTOR = YES;
				GCC_WARN_UNINITIALIZED_AUTOS = YES_AGGRESSIVE;
				GCC_WARN_UNUSED_FUNCTION = YES;
				GCC_WARN_UNUSED_VARIABLE = YES;
				IPHONEOS_DEPLOYMENT_TARGET = 9.2;
				MTL_ENABLE_DEBUG_INFO = NO;
				SDKROOT = iphoneos;
				TARGETED_DEVICE_FAMILY = "1,2";
				VALIDATE_PRODUCT = YES;
			};
			name = Release;
		};
		AFB567D61C4647B800E8C767 /* Debug */ = {
			isa = XCBuildConfiguration;
			baseConfigurationReference = 4CDC6F036696FC4BC5873B25 /* Pods.debug.xcconfig */;
			buildSettings = {
				ASSETCATALOG_COMPILER_APPICON_NAME = AppIcon;
				INFOPLIST_FILE = RACStudyProject/Info.plist;
				LD_RUNPATH_SEARCH_PATHS = "$(inherited) @executable_path/Frameworks";
				PRODUCT_BUNDLE_IDENTIFIER = com.vbn.some.RACStudyProject;
				PRODUCT_NAME = "$(TARGET_NAME)";
			};
			name = Debug;
		};
		AFB567D71C4647B800E8C767 /* Release */ = {
			isa = XCBuildConfiguration;
			baseConfigurationReference = E037401FE89C35DAFB272074 /* Pods.release.xcconfig */;
			buildSettings = {
				ASSETCATALOG_COMPILER_APPICON_NAME = AppIcon;
				INFOPLIST_FILE = RACStudyProject/Info.plist;
				LD_RUNPATH_SEARCH_PATHS = "$(inherited) @executable_path/Frameworks";
				PRODUCT_BUNDLE_IDENTIFIER = com.vbn.some.RACStudyProject;
				PRODUCT_NAME = "$(TARGET_NAME)";
			};
			name = Release;
		};
		AFB567D91C4647B800E8C767 /* Debug */ = {
			isa = XCBuildConfiguration;
			buildSettings = {
				BUNDLE_LOADER = "$(TEST_HOST)";
				INFOPLIST_FILE = RACStudyProjectTests/Info.plist;
				LD_RUNPATH_SEARCH_PATHS = "$(inherited) @executable_path/Frameworks @loader_path/Frameworks";
				PRODUCT_BUNDLE_IDENTIFIER = com.vbn.some.RACStudyProjectTests;
				PRODUCT_NAME = "$(TARGET_NAME)";
				TEST_HOST = "$(BUILT_PRODUCTS_DIR)/RACStudyProject.app/RACStudyProject";
			};
			name = Debug;
		};
		AFB567DA1C4647B800E8C767 /* Release */ = {
			isa = XCBuildConfiguration;
			buildSettings = {
				BUNDLE_LOADER = "$(TEST_HOST)";
				INFOPLIST_FILE = RACStudyProjectTests/Info.plist;
				LD_RUNPATH_SEARCH_PATHS = "$(inherited) @executable_path/Frameworks @loader_path/Frameworks";
				PRODUCT_BUNDLE_IDENTIFIER = com.vbn.some.RACStudyProjectTests;
				PRODUCT_NAME = "$(TARGET_NAME)";
				TEST_HOST = "$(BUILT_PRODUCTS_DIR)/RACStudyProject.app/RACStudyProject";
			};
			name = Release;
		};
		AFB567DC1C4647B800E8C767 /* Debug */ = {
			isa = XCBuildConfiguration;
			buildSettings = {
				INFOPLIST_FILE = RACStudyProjectUITests/Info.plist;
				LD_RUNPATH_SEARCH_PATHS = "$(inherited) @executable_path/Frameworks @loader_path/Frameworks";
				PRODUCT_BUNDLE_IDENTIFIER = com.vbn.some.RACStudyProjectUITests;
				PRODUCT_NAME = "$(TARGET_NAME)";
				TEST_TARGET_NAME = RACStudyProject;
				USES_XCTRUNNER = YES;
			};
			name = Debug;
		};
		AFB567DD1C4647B800E8C767 /* Release */ = {
			isa = XCBuildConfiguration;
			buildSettings = {
				INFOPLIST_FILE = RACStudyProjectUITests/Info.plist;
				LD_RUNPATH_SEARCH_PATHS = "$(inherited) @executable_path/Frameworks @loader_path/Frameworks";
				PRODUCT_BUNDLE_IDENTIFIER = com.vbn.some.RACStudyProjectUITests;
				PRODUCT_NAME = "$(TARGET_NAME)";
				TEST_TARGET_NAME = RACStudyProject;
				USES_XCTRUNNER = YES;
			};
			name = Release;
		};
/* End XCBuildConfiguration section */

/* Begin XCConfigurationList section */
		AFB567A81C4647B800E8C767 /* Build configuration list for PBXProject "RACStudyProject" */ = {
			isa = XCConfigurationList;
			buildConfigurations = (
				AFB567D31C4647B800E8C767 /* Debug */,
				AFB567D41C4647B800E8C767 /* Release */,
			);
			defaultConfigurationIsVisible = 0;
			defaultConfigurationName = Release;
		};
		AFB567D51C4647B800E8C767 /* Build configuration list for PBXNativeTarget "RACStudyProject" */ = {
			isa = XCConfigurationList;
			buildConfigurations = (
				AFB567D61C4647B800E8C767 /* Debug */,
				AFB567D71C4647B800E8C767 /* Release */,
			);
			defaultConfigurationIsVisible = 0;
			defaultConfigurationName = Release;
		};
		AFB567D81C4647B800E8C767 /* Build configuration list for PBXNativeTarget "RACStudyProjectTests" */ = {
			isa = XCConfigurationList;
			buildConfigurations = (
				AFB567D91C4647B800E8C767 /* Debug */,
				AFB567DA1C4647B800E8C767 /* Release */,
			);
			defaultConfigurationIsVisible = 0;
			defaultConfigurationName = Release;
		};
		AFB567DB1C4647B800E8C767 /* Build configuration list for PBXNativeTarget "RACStudyProjectUITests" */ = {
			isa = XCConfigurationList;
			buildConfigurations = (
				AFB567DC1C4647B800E8C767 /* Debug */,
				AFB567DD1C4647B800E8C767 /* Release */,
			);
			defaultConfigurationIsVisible = 0;
			defaultConfigurationName = Release;
		};
/* End XCConfigurationList section */
	};
	rootObject = AFB567A51C4647B800E8C767 /* Project object */;
}
